{
  "name": "dark_patterns_copy",
  "lockfileVersion": 3,
  "requires": true,
  "packages": {
    "": {
      "dependencies": {
        "jpickle": "^0.4.1"
      }
    },
    "node_modules/jpickle": {
      "version": "0.4.1",
      "resolved": "https://registry.npmjs.org/jpickle/-/jpickle-0.4.1.tgz",
      "integrity": "sha512-XHSTQUtl/Yv2cNzeQ7NKFuK0Z3d1iqQC2iEwV0cu3/dG6PV3DgACEQ3wGagHRDV6MKzypPWwHVSDY8kBWkbfTA==",
      "engines": {
        "node": "*"
      }
    }
  }
}
